// !$*UTF8*$!
{
	archiveVersion = 1;
	classes = {
	};
	objectVersion = 46;
	objects = {

/* Begin PBXBuildFile section */
		F2649A791E55772300F98F4C /* AppDelegate.swift in Sources */ = {isa = PBXBuildFile; fileRef = F2649A781E55772300F98F4C /* AppDelegate.swift */; };
		F2649A7B1E55772300F98F4C /* ListVC.swift in Sources */ = {isa = PBXBuildFile; fileRef = F2649A7A1E55772300F98F4C /* ListVC.swift */; };
		F2649A801E55772300F98F4C /* Assets.xcassets in Resources */ = {isa = PBXBuildFile; fileRef = F2649A7F1E55772300F98F4C /* Assets.xcassets */; };
		F2649A831E55772300F98F4C /* LaunchScreen.storyboard in Resources */ = {isa = PBXBuildFile; fileRef = F2649A811E55772300F98F4C /* LaunchScreen.storyboard */; };
		F2649A8C1E55779800F98F4C /* libsqlite3.tbd in Frameworks */ = {isa = PBXBuildFile; fileRef = F2649A8B1E55779800F98F4C /* libsqlite3.tbd */; };
		F2649A951E557D7000F98F4C /* Task.swift in Sources */ = {isa = PBXBuildFile; fileRef = F2649A941E557D7000F98F4C /* Task.swift */; };
		F2649A971E5631CF00F98F4C /* Main.storyboard in Resources */ = {isa = PBXBuildFile; fileRef = F2649A961E5631CF00F98F4C /* Main.storyboard */; };
		F2649A991E56399900F98F4C /* TaskCell.swift in Sources */ = {isa = PBXBuildFile; fileRef = F2649A981E56399900F98F4C /* TaskCell.swift */; };
/* End PBXBuildFile section */

/* Begin PBXFileReference section */
		F2649A751E55772300F98F4C /* TaskTracker SQLite.app */ = {isa = PBXFileReference; explicitFileType = wrapper.application; includeInIndex = 0; path = "TaskTracker SQLite.app"; sourceTree = BUILT_PRODUCTS_DIR; };
		F2649A781E55772300F98F4C /* AppDelegate.swift */ = {isa = PBXFileReference; lastKnownFileType = sourcecode.swift; path = AppDelegate.swift; sourceTree = "<group>"; };
		F2649A7A1E55772300F98F4C /* ListVC.swift */ = {isa = PBXFileReference; lastKnownFileType = sourcecode.swift; path = ListVC.swift; sourceTree = "<group>"; };
		F2649A7F1E55772300F98F4C /* Assets.xcassets */ = {isa = PBXFileReference; lastKnownFileType = folder.assetcatalog; path = Assets.xcassets; sourceTree = "<group>"; };
		F2649A821E55772300F98F4C /* Base */ = {isa = PBXFileReference; lastKnownFileType = file.storyboard; name = Base; path = Base.lproj/LaunchScreen.storyboard; sourceTree = "<group>"; };
		F2649A841E55772300F98F4C /* Info.plist */ = {isa = PBXFileReference; lastKnownFileType = text.plist.xml; path = Info.plist; sourceTree = "<group>"; };
		F2649A8B1E55779800F98F4C /* libsqlite3.tbd */ = {isa = PBXFileReference; lastKnownFileType = "sourcecode.text-based-dylib-definition"; name = libsqlite3.tbd; path = usr/lib/libsqlite3.tbd; sourceTree = SDKROOT; };
		F2649A8D1E5578A900F98F4C /* TaskTracker SQLite-Bridging-Header.h */ = {isa = PBXFileReference; lastKnownFileType = sourcecode.c.h; path = "TaskTracker SQLite-Bridging-Header.h"; sourceTree = "<group>"; };
		F2649A941E557D7000F98F4C /* Task.swift */ = {isa = PBXFileReference; fileEncoding = 4; lastKnownFileType = sourcecode.swift; path = Task.swift; sourceTree = "<group>"; };
		F2649A961E5631CF00F98F4C /* Main.storyboard */ = {isa = PBXFileReference; fileEncoding = 4; lastKnownFileType = file.storyboard; path = Main.storyboard; sourceTree = "<group>"; };
		F2649A981E56399900F98F4C /* TaskCell.swift */ = {isa = PBXFileReference; fileEncoding = 4; lastKnownFileType = sourcecode.swift; path = TaskCell.swift; sourceTree = "<group>"; };
/* End PBXFileReference section */

/* Begin PBXFrameworksBuildPhase section */
		F2649A721E55772300F98F4C /* Frameworks */ = {
			isa = PBXFrameworksBuildPhase;
			buildActionMask = 2147483647;
			files = (
				F2649A8C1E55779800F98F4C /* libsqlite3.tbd in Frameworks */,
			);
			runOnlyForDeploymentPostprocessing = 0;
		};
/* End PBXFrameworksBuildPhase section */

/* Begin PBXGroup section */
		F2649A6C1E55772300F98F4C = {
			isa = PBXGroup;
			children = (
				F2649A771E55772300F98F4C /* TaskTracker SQLite */,
				F2649A761E55772300F98F4C /* Products */,
				F2649A8A1E55779800F98F4C /* Frameworks */,
			);
			sourceTree = "<group>";
		};
		F2649A761E55772300F98F4C /* Products */ = {
			isa = PBXGroup;
			children = (
				F2649A751E55772300F98F4C /* TaskTracker SQLite.app */,
			);
			name = Products;
			sourceTree = "<group>";
		};
		F2649A771E55772300F98F4C /* TaskTracker SQLite */ = {
			isa = PBXGroup;
			children = (
				F2649A931E5578F000F98F4C /* Controller */,
				F2649A921E5578EC00F98F4C /* View */,
				F2649A911E5578DE00F98F4C /* Model */,
				F2649A781E55772300F98F4C /* AppDelegate.swift */,
				F2649A961E5631CF00F98F4C /* Main.storyboard */,
				F2649A7F1E55772300F98F4C /* Assets.xcassets */,
				F2649A811E55772300F98F4C /* LaunchScreen.storyboard */,
				F2649A841E55772300F98F4C /* Info.plist */,
				F2649A8D1E5578A900F98F4C /* TaskTracker SQLite-Bridging-Header.h */,
			);
			path = "TaskTracker SQLite";
			sourceTree = "<group>";
		};
		F2649A8A1E55779800F98F4C /* Frameworks */ = {
			isa = PBXGroup;
			children = (
				F2649A8B1E55779800F98F4C /* libsqlite3.tbd */,
			);
			name = Frameworks;
			sourceTree = "<group>";
		};
		F2649A911E5578DE00F98F4C /* Model */ = {
			isa = PBXGroup;
			children = (
				F2649A941E557D7000F98F4C /* Task.swift */,
			);
			name = Model;
			sourceTree = "<group>";
		};
		F2649A921E5578EC00F98F4C /* View */ = {
			isa = PBXGroup;
			children = (
				F2649A981E56399900F98F4C /* TaskCell.swift */,
			);
			name = View;
			sourceTree = "<group>";
		};
		F2649A931E5578F000F98F4C /* Controller */ = {
			isa = PBXGroup;
			children = (
				F2649A7A1E55772300F98F4C /* ListVC.swift */,
			);
			name = Controller;
			sourceTree = "<group>";
		};
/* End PBXGroup section */

/* Begin PBXNativeTarget section */
		F2649A741E55772300F98F4C /* TaskTracker SQLite */ = {
			isa = PBXNativeTarget;
			buildConfigurationList = F2649A871E55772300F98F4C /* Build configuration list for PBXNativeTarget "TaskTracker SQLite" */;
			buildPhases = (
				F2649A711E55772300F98F4C /* Sources */,
				F2649A721E55772300F98F4C /* Frameworks */,
				F2649A731E55772300F98F4C /* Resources */,
			);
			buildRules = (
			);
			dependencies = (
			);
			name = "TaskTracker SQLite";
			productName = "TaskTracker SQLite";
			productReference = F2649A751E55772300F98F4C /* TaskTracker SQLite.app */;
			productType = "com.apple.product-type.application";
		};
/* End PBXNativeTarget section */

/* Begin PBXProject section */
		F2649A6D1E55772300F98F4C /* Project object */ = {
			isa = PBXProject;
			attributes = {
				LastSwiftUpdateCheck = 0820;
				LastUpgradeCheck = 0820;
				ORGANIZATIONNAME = "Serhii Pianykh";
				TargetAttributes = {
					F2649A741E55772300F98F4C = {
						CreatedOnToolsVersion = 8.2.1;
						DevelopmentTeam = 2BULHRS882;
						LastSwiftMigration = 0820;
						ProvisioningStyle = Automatic;
					};
				};
			};
			buildConfigurationList = F2649A701E55772300F98F4C /* Build configuration list for PBXProject "TaskTracker SQLite" */;
			compatibilityVersion = "Xcode 3.2";
			developmentRegion = English;
			hasScannedForEncodings = 0;
			knownRegions = (
				en,
				Base,
			);
			mainGroup = F2649A6C1E55772300F98F4C;
			productRefGroup = F2649A761E55772300F98F4C /* Products */;
			projectDirPath = "";
			projectRoot = "";
			targets = (
				F2649A741E55772300F98F4C /* TaskTracker SQLite */,
			);
		};
/* End PBXProject section */

/* Begin PBXResourcesBuildPhase section */
		F2649A731E55772300F98F4C /* Resources */ = {
			isa = PBXResourcesBuildPhase;
			buildActionMask = 2147483647;
			files = (
				F2649A971E5631CF00F98F4C /* Main.storyboard in Resources */,
				F2649A831E55772300F98F4C /* LaunchScreen.storyboard in Resources */,
				F2649A801E55772300F98F4C /* Assets.xcassets in Resources */,
			);
			runOnlyForDeploymentPostprocessing = 0;
		};
/* End PBXResourcesBuildPhase section */

/* Begin PBXSourcesBuildPhase section */
		F2649A711E55772300F98F4C /* Sources */ = {
			isa = PBXSourcesBuildPhase;
			buildActionMask = 2147483647;
			files = (
				F2649A991E56399900F98F4C /* TaskCell.swift in Sources */,
				F2649A7B1E55772300F98F4C /* ListVC.swift in Sources */,
				F2649A951E557D7000F98F4C /* Task.swift in Sources */,
				F2649A791E55772300F98F4C /* AppDelegate.swift in Sources */,
			);
			runOnlyForDeploymentPostprocessing = 0;
		};
/* End PBXSourcesBuildPhase section */

/* Begin PBXVariantGroup section */
		F2649A811E55772300F98F4C /* LaunchScreen.storyboard */ = {
			isa = PBXVariantGroup;
			children = (
				F2649A821E55772300F98F4C /* Base */,
			);
			name = LaunchScreen.storyboard;
			sourceTree = "<group>";
		};
/* End PBXVariantGroup section */

/* Begin XCBuildConfiguration section */
		F2649A851E55772300F98F4C /* Debug */ = {
			isa = XCBuildConfiguration;
			buildSettings = {
				ALWAYS_SEARCH_USER_PATHS = NO;
				CLANG_ANALYZER_NONNULL = YES;
				CLANG_CXX_LANGUAGE_STANDARD = "gnu++0x";
				CLANG_CXX_LIBRARY = "libc++";
				CLANG_ENABLE_MODULES = YES;
				CLANG_ENABLE_OBJC_ARC = YES;
				CLANG_WARN_BOOL_CONVERSION = YES;
				CLANG_WARN_CONSTANT_CONVERSION = YES;
				CLANG_WARN_DIRECT_OBJC_ISA_USAGE = YES_ERROR;
				CLANG_WARN_DOCUMENTATION_COMMENTS = YES;
				CLANG_WARN_EMPTY_BODY = YES;
				CLANG_WARN_ENUM_CONVERSION = YES;
				CLANG_WARN_INFINITE_RECURSION = YES;
				CLANG_WARN_INT_CONVERSION = YES;
				CLANG_WARN_OBJC_ROOT_CLASS = YES_ERROR;
				CLANG_WARN_SUSPICIOUS_MOVE = YES;
				CLANG_WARN_UNREACHABLE_CODE = YES;
				CLANG_WARN__DUPLICATE_METHOD_MATCH = YES;
				"CODE_SIGN_IDENTITY[sdk=iphoneos*]" = "iPhone Developer";
				COPY_PHASE_STRIP = NO;
				DEBUG_INFORMATION_FORMAT = dwarf;
				ENABLE_STRICT_OBJC_MSGSEND = YES;
				ENABLE_TESTABILITY = YES;
				GCC_C_LANGUAGE_STANDARD = gnu99;
				GCC_DYNAMIC_NO_PIC = NO;
				GCC_NO_COMMON_BLOCKS = YES;
				GCC_OPTIMIZATION_LEVEL = 0;
				GCC_PREPROCESSOR_DEFINITIONS = (
					"DEBUG=1",
					"$(inherited)",
				);
				GCC_WARN_64_TO_32_BIT_CONVERSION = YES;
				GCC_WARN_ABOUT_RETURN_TYPE = YES_ERROR;
				GCC_WARN_UNDECLARED_SELECTOR = YES;
				GCC_WARN_UNINITIALIZED_AUTOS = YES_AGGRESSIVE;
				GCC_WARN_UNUSED_FUNCTION = YES;
				GCC_WARN_UNUSED_VARIABLE = YES;
				IPHONEOS_DEPLOYMENT_TARGET = 10.2;
				MTL_ENABLE_DEBUG_INFO = YES;
				ONLY_ACTIVE_ARCH = YES;
				SDKROOT = iphoneos;
				SWIFT_ACTIVE_COMPILATION_CONDITIONS = DEBUG;
				SWIFT_OPTIMIZATION_LEVEL = "-Onone";
				TARGETED_DEVICE_FAMILY = "1,2";
			};
			name = Debug;
		};
		F2649A861E55772300F98F4C /* Release */ = {
			isa = XCBuildConfiguration;
			buildSettings = {
				ALWAYS_SEARCH_USER_PATHS = NO;
				CLANG_ANALYZER_NONNULL = YES;
				CLANG_CXX_LANGUAGE_STANDARD = "gnu++0x";
				CLANG_CXX_LIBRARY = "libc++";
				CLANG_ENABLE_MODULES = YES;
				CLANG_ENABLE_OBJC_ARC = YES;
				CLANG_WARN_BOOL_CONVERSION = YES;
				CLANG_WARN_CONSTANT_CONVERSION = YES;
				CLANG_WARN_DIRECT_OBJC_ISA_USAGE = YES_ERROR;
				CLANG_WARN_DOCUMENTATION_COMMENTS = YES;
				CLANG_WARN_EMPTY_BODY = YES;
				CLANG_WARN_ENUM_CONVERSION = YES;
				CLANG_WARN_INFINITE_RECURSION = YES;
				CLANG_WARN_INT_CONVERSION = YES;
				CLANG_WARN_OBJC_ROOT_CLASS = YES_ERROR;
				CLANG_WARN_SUSPICIOUS_MOVE = YES;
				CLANG_WARN_UNREACHABLE_CODE = YES;
				CLANG_WARN__DUPLICATE_METHOD_MATCH = YES;
				"CODE_SIGN_IDENTITY[sdk=iphoneos*]" = "iPhone Developer";
				COPY_PHASE_STRIP = NO;
				DEBUG_INFORMATION_FORMAT = "dwarf-with-dsym";
				ENABLE_NS_ASSERTIONS = NO;
				ENABLE_STRICT_OBJC_MSGSEND = YES;
				GCC_C_LANGUAGE_STANDARD = gnu99;
				GCC_NO_COMMON_BLOCKS = YES;
				GCC_WARN_64_TO_32_BIT_CONVERSION = YES;
				GCC_WARN_ABOUT_RETURN_TYPE = YES_ERROR;
				GCC_WARN_UNDECLARED_SELECTOR = YES;
				GCC_WARN_UNINITIALIZED_AUTOS = YES_AGGRESSIVE;
				GCC_WARN_UNUSED_FUNCTION = YES;
				GCC_WARN_UNUSED_VARIABLE = YES;
				IPHONEOS_DEPLOYMENT_TARGET = 10.2;
				MTL_ENABLE_DEBUG_INFO = NO;
				SDKROOT = iphoneos;
				SWIFT_OPTIMIZATION_LEVEL = "-Owholemodule";
				TARGETED_DEVICE_FAMILY = "1,2";
				VALIDATE_PRODUCT = YES;
			};
			name = Release;
		};
		F2649A881E55772300F98F4C /* Debug */ = {
			isa = XCBuildConfiguration;
			buildSettings = {
				ASSETCATALOG_COMPILER_APPICON_NAME = AppIcon;
				CLANG_ENABLE_MODULES = YES;
				DEVELOPMENT_TEAM = 2BULHRS882;
				INFOPLIST_FILE = "TaskTracker SQLite/Info.plist";
				LD_RUNPATH_SEARCH_PATHS = "$(inherited) @executable_path/Frameworks";
				PRODUCT_BUNDLE_IDENTIFIER = "serhii.pianykh.TaskTracker-SQLite";
				PRODUCT_NAME = "$(TARGET_NAME)";
				SWIFT_OBJC_BRIDGING_HEADER = "TaskTracker SQLite/TaskTracker SQLite-Bridging-Header.h";
				SWIFT_OPTIMIZATION_LEVEL = "-Onone";
				SWIFT_VERSION = 3.0;
			};
			name = Debug;
		};
		F2649A891E55772300F98F4C /* Release */ = {
			isa = XCBuildConfiguration;
			buildSettings = {
				ASSETCATALOG_COMPILER_APPICON_NAME = AppIcon;
				CLANG_ENABLE_MODULES = YES;
				DEVELOPMENT_TEAM = 2BULHRS882;
				INFOPLIST_FILE = "TaskTracker SQLite/Info.plist";
				LD_RUNPATH_SEARCH_PATHS = "$(inherited) @executable_path/Frameworks";
				PRODUCT_BUNDLE_IDENTIFIER = "serhii.pianykh.TaskTracker-SQLite";
				PRODUCT_NAME = "$(TARGET_NAME)";
				SWIFT_OBJC_BRIDGING_HEADER = "TaskTracker SQLite/TaskTracker SQLite-Bridging-Header.h";
				SWIFT_VERSION = 3.0;
			};
			name = Release;
		};
/* End XCBuildConfiguration section */

/* Begin XCConfigurationList section */
		F2649A701E55772300F98F4C /* Build configuration list for PBXProject "TaskTracker SQLite" */ = {
			isa = XCConfigurationList;
			buildConfigurations = (
				F2649A851E55772300F98F4C /* Debug */,
				F2649A861E55772300F98F4C /* Release */,
			);
			defaultConfigurationIsVisible = 0;
			defaultConfigurationName = Release;
		};
		F2649A871E55772300F98F4C /* Build configuration list for PBXNativeTarget "TaskTracker SQLite" */ = {
			isa = XCConfigurationList;
			buildConfigurations = (
				F2649A881E55772300F98F4C /* Debug */,
				F2649A891E55772300F98F4C /* Release */,
			);
			defaultConfigurationIsVisible = 0;
			defaultConfigurationName = Release;
		};
/* End XCConfigurationList section */
	};
	rootObject = F2649A6D1E55772300F98F4C /* Project object */;
}
